// !$*UTF8*$!
{
	archiveVersion = 1;
	classes = {
	};
	objectVersion = 56;
	objects = {

/* Begin PBXBuildFile section */
		153BB97B2ACDE0C1005513F2 /* FirebaseAnalytics in Frameworks */ = {isa = PBXBuildFile; productRef = 153BB97A2ACDE0C1005513F2 /* FirebaseAnalytics */; };
		153BB97D2ACDE0C1005513F2 /* FirebaseAnalyticsOnDeviceConversion in Frameworks */ = {isa = PBXBuildFile; productRef = 153BB97C2ACDE0C1005513F2 /* FirebaseAnalyticsOnDeviceConversion */; };
		153BB97F2ACDE0C1005513F2 /* FirebaseAnalyticsSwift in Frameworks */ = {isa = PBXBuildFile; productRef = 153BB97E2ACDE0C1005513F2 /* FirebaseAnalyticsSwift */; };
		153BB9812ACDE0C1005513F2 /* FirebaseAnalyticsWithoutAdIdSupport in Frameworks */ = {isa = PBXBuildFile; productRef = 153BB9802ACDE0C1005513F2 /* FirebaseAnalyticsWithoutAdIdSupport */; };
		153BB9832ACDE0C1005513F2 /* FirebaseAppCheck in Frameworks */ = {isa = PBXBuildFile; productRef = 153BB9822ACDE0C1005513F2 /* FirebaseAppCheck */; };
		153BB9852ACDE0C1005513F2 /* FirebaseAppDistribution-Beta in Frameworks */ = {isa = PBXBuildFile; productRef = 153BB9842ACDE0C1005513F2 /* FirebaseAppDistribution-Beta */; };
		153BB9872ACDE0C1005513F2 /* FirebaseAuth in Frameworks */ = {isa = PBXBuildFile; productRef = 153BB9862ACDE0C1005513F2 /* FirebaseAuth */; };
		153BB9892ACDE0C1005513F2 /* FirebaseAuthCombine-Community in Frameworks */ = {isa = PBXBuildFile; productRef = 153BB9882ACDE0C1005513F2 /* FirebaseAuthCombine-Community */; };
		153BB98B2ACDE0C1005513F2 /* FirebaseCrashlytics in Frameworks */ = {isa = PBXBuildFile; productRef = 153BB98A2ACDE0C1005513F2 /* FirebaseCrashlytics */; };
		153BB98D2ACDE0C1005513F2 /* FirebaseDatabase in Frameworks */ = {isa = PBXBuildFile; productRef = 153BB98C2ACDE0C1005513F2 /* FirebaseDatabase */; };
		153BB98F2ACDE0C1005513F2 /* FirebaseDatabaseSwift in Frameworks */ = {isa = PBXBuildFile; productRef = 153BB98E2ACDE0C1005513F2 /* FirebaseDatabaseSwift */; };
		153BB9912ACDE0C1005513F2 /* FirebaseDynamicLinks in Frameworks */ = {isa = PBXBuildFile; productRef = 153BB9902ACDE0C1005513F2 /* FirebaseDynamicLinks */; };
		153BB9932ACDE0C1005513F2 /* FirebaseFirestore in Frameworks */ = {isa = PBXBuildFile; productRef = 153BB9922ACDE0C1005513F2 /* FirebaseFirestore */; };
		153BB9952ACDE0C1005513F2 /* FirebaseFirestoreCombine-Community in Frameworks */ = {isa = PBXBuildFile; productRef = 153BB9942ACDE0C1005513F2 /* FirebaseFirestoreCombine-Community */; };
		153BB9972ACDE0C1005513F2 /* FirebaseFirestoreSwift in Frameworks */ = {isa = PBXBuildFile; productRef = 153BB9962ACDE0C1005513F2 /* FirebaseFirestoreSwift */; };
		153BB9992ACDE0C1005513F2 /* FirebaseFunctions in Frameworks */ = {isa = PBXBuildFile; productRef = 153BB9982ACDE0C1005513F2 /* FirebaseFunctions */; };
		153BB99B2ACDE0C1005513F2 /* FirebaseFunctionsCombine-Community in Frameworks */ = {isa = PBXBuildFile; productRef = 153BB99A2ACDE0C1005513F2 /* FirebaseFunctionsCombine-Community */; };
		153BB99D2ACDE0C1005513F2 /* FirebaseInAppMessaging-Beta in Frameworks */ = {isa = PBXBuildFile; productRef = 153BB99C2ACDE0C1005513F2 /* FirebaseInAppMessaging-Beta */; };
		153BB99F2ACDE0C1005513F2 /* FirebaseInAppMessagingSwift-Beta in Frameworks */ = {isa = PBXBuildFile; productRef = 153BB99E2ACDE0C1005513F2 /* FirebaseInAppMessagingSwift-Beta */; };
		153BB9A12ACDE0C1005513F2 /* FirebaseInstallations in Frameworks */ = {isa = PBXBuildFile; productRef = 153BB9A02ACDE0C1005513F2 /* FirebaseInstallations */; };
		153BB9A32ACDE0C1005513F2 /* FirebaseMLModelDownloader in Frameworks */ = {isa = PBXBuildFile; productRef = 153BB9A22ACDE0C1005513F2 /* FirebaseMLModelDownloader */; };
		153BB9A52ACDE0C1005513F2 /* FirebaseMessaging in Frameworks */ = {isa = PBXBuildFile; productRef = 153BB9A42ACDE0C1005513F2 /* FirebaseMessaging */; };
		153BB9A72ACDE0C1005513F2 /* FirebasePerformance in Frameworks */ = {isa = PBXBuildFile; productRef = 153BB9A62ACDE0C1005513F2 /* FirebasePerformance */; };
		153BB9A92ACDE0C1005513F2 /* FirebaseRemoteConfig in Frameworks */ = {isa = PBXBuildFile; productRef = 153BB9A82ACDE0C1005513F2 /* FirebaseRemoteConfig */; };
		153BB9AB2ACDE0C1005513F2 /* FirebaseRemoteConfigSwift in Frameworks */ = {isa = PBXBuildFile; productRef = 153BB9AA2ACDE0C1005513F2 /* FirebaseRemoteConfigSwift */; };
		153BB9AD2ACDE0C1005513F2 /* FirebaseStorage in Frameworks */ = {isa = PBXBuildFile; productRef = 153BB9AC2ACDE0C1005513F2 /* FirebaseStorage */; };
		153BB9AF2ACDE0C1005513F2 /* FirebaseStorageCombine-Community in Frameworks */ = {isa = PBXBuildFile; productRef = 153BB9AE2ACDE0C1005513F2 /* FirebaseStorageCombine-Community */; };
		153BB9B12ACDE3DD005513F2 /* GoogleService-Info.plist in Resources */ = {isa = PBXBuildFile; fileRef = 153BB9B02ACDE3DD005513F2 /* GoogleService-Info.plist */; };
		159144CA2ACADE2000CD7800 /* ToDoListAppApp.swift in Sources */ = {isa = PBXBuildFile; fileRef = 159144C92ACADE2000CD7800 /* ToDoListAppApp.swift */; };
		159144CC2ACADE2000CD7800 /* MainView.swift in Sources */ = {isa = PBXBuildFile; fileRef = 159144CB2ACADE2000CD7800 /* MainView.swift */; };
		159144CE2ACADE2200CD7800 /* Assets.xcassets in Resources */ = {isa = PBXBuildFile; fileRef = 159144CD2ACADE2200CD7800 /* Assets.xcassets */; };
		159144D12ACADE2200CD7800 /* Preview Assets.xcassets in Resources */ = {isa = PBXBuildFile; fileRef = 159144D02ACADE2200CD7800 /* Preview Assets.xcassets */; };
		15C105572ACB469C00BF5772 /* LoginView.swift in Sources */ = {isa = PBXBuildFile; fileRef = 15C105562ACB469C00BF5772 /* LoginView.swift */; };
		15C105592ACB493A00BF5772 /* User.swift in Sources */ = {isa = PBXBuildFile; fileRef = 15C105582ACB493A00BF5772 /* User.swift */; };
		15C1055B2ACB494700BF5772 /* ToDoListItem.swift in Sources */ = {isa = PBXBuildFile; fileRef = 15C1055A2ACB494700BF5772 /* ToDoListItem.swift */; };
		15C1055D2ACB495C00BF5772 /* ProfileView.swift in Sources */ = {isa = PBXBuildFile; fileRef = 15C1055C2ACB495C00BF5772 /* ProfileView.swift */; };
		15C1055F2ACB497800BF5772 /* ToDoListView.swift in Sources */ = {isa = PBXBuildFile; fileRef = 15C1055E2ACB497800BF5772 /* ToDoListView.swift */; };
		15C105612ACB498500BF5772 /* NewItemView.swift in Sources */ = {isa = PBXBuildFile; fileRef = 15C105602ACB498500BF5772 /* NewItemView.swift */; };
		15C105632ACB499600BF5772 /* RegisterView.swift in Sources */ = {isa = PBXBuildFile; fileRef = 15C105622ACB499600BF5772 /* RegisterView.swift */; };
		15C105652ACB49A600BF5772 /* ToDoListItemView.swift in Sources */ = {isa = PBXBuildFile; fileRef = 15C105642ACB49A600BF5772 /* ToDoListItemView.swift */; };
		15C105672ACB49B200BF5772 /* HeaderView.swift in Sources */ = {isa = PBXBuildFile; fileRef = 15C105662ACB49B200BF5772 /* HeaderView.swift */; };
		15CEBAC92ACCE54F007FACC7 /* MainViewModel.swift in Sources */ = {isa = PBXBuildFile; fileRef = 15CEBAC82ACCE54F007FACC7 /* MainViewModel.swift */; };
		15CEBACB2ACCE56D007FACC7 /* ProfileViewModel.swift in Sources */ = {isa = PBXBuildFile; fileRef = 15CEBACA2ACCE56D007FACC7 /* ProfileViewModel.swift */; };
		15CEBACD2ACCE589007FACC7 /* ToDoListViewModel.swift in Sources */ = {isa = PBXBuildFile; fileRef = 15CEBACC2ACCE589007FACC7 /* ToDoListViewModel.swift */; };
		15CEBACF2ACCE596007FACC7 /* NewItemViewModel.swift in Sources */ = {isa = PBXBuildFile; fileRef = 15CEBACE2ACCE596007FACC7 /* NewItemViewModel.swift */; };
		15CEBAD12ACCE5A1007FACC7 /* LoginViewModel.swift in Sources */ = {isa = PBXBuildFile; fileRef = 15CEBAD02ACCE5A1007FACC7 /* LoginViewModel.swift */; };
		15CEBAD32ACCE5AB007FACC7 /* RegisterViewModel.swift in Sources */ = {isa = PBXBuildFile; fileRef = 15CEBAD22ACCE5AB007FACC7 /* RegisterViewModel.swift */; };
		15CEBAD52ACCE5BB007FACC7 /* ToDoListItemViewModel.swift in Sources */ = {isa = PBXBuildFile; fileRef = 15CEBAD42ACCE5BB007FACC7 /* ToDoListItemViewModel.swift */; };
/* End PBXBuildFile section */

/* Begin PBXFileReference section */
		153BB9B02ACDE3DD005513F2 /* GoogleService-Info.plist */ = {isa = PBXFileReference; fileEncoding = 4; lastKnownFileType = text.plist.xml; path = "GoogleService-Info.plist"; sourceTree = "<group>"; };
		159144C62ACADE2000CD7800 /* ToDoListApp.app */ = {isa = PBXFileReference; explicitFileType = wrapper.application; includeInIndex = 0; path = ToDoListApp.app; sourceTree = BUILT_PRODUCTS_DIR; };
		159144C92ACADE2000CD7800 /* ToDoListAppApp.swift */ = {isa = PBXFileReference; lastKnownFileType = sourcecode.swift; path = ToDoListAppApp.swift; sourceTree = "<group>"; };
		159144CB2ACADE2000CD7800 /* MainView.swift */ = {isa = PBXFileReference; lastKnownFileType = sourcecode.swift; path = MainView.swift; sourceTree = "<group>"; };
		159144CD2ACADE2200CD7800 /* Assets.xcassets */ = {isa = PBXFileReference; lastKnownFileType = folder.assetcatalog; path = Assets.xcassets; sourceTree = "<group>"; };
		159144D02ACADE2200CD7800 /* Preview Assets.xcassets */ = {isa = PBXFileReference; lastKnownFileType = folder.assetcatalog; path = "Preview Assets.xcassets"; sourceTree = "<group>"; };
		15C105562ACB469C00BF5772 /* LoginView.swift */ = {isa = PBXFileReference; lastKnownFileType = sourcecode.swift; path = LoginView.swift; sourceTree = "<group>"; };
		15C105582ACB493A00BF5772 /* User.swift */ = {isa = PBXFileReference; lastKnownFileType = sourcecode.swift; path = User.swift; sourceTree = "<group>"; };
		15C1055A2ACB494700BF5772 /* ToDoListItem.swift */ = {isa = PBXFileReference; lastKnownFileType = sourcecode.swift; path = ToDoListItem.swift; sourceTree = "<group>"; };
		15C1055C2ACB495C00BF5772 /* ProfileView.swift */ = {isa = PBXFileReference; lastKnownFileType = sourcecode.swift; path = ProfileView.swift; sourceTree = "<group>"; };
		15C1055E2ACB497800BF5772 /* ToDoListView.swift */ = {isa = PBXFileReference; lastKnownFileType = sourcecode.swift; path = ToDoListView.swift; sourceTree = "<group>"; };
		15C105602ACB498500BF5772 /* NewItemView.swift */ = {isa = PBXFileReference; lastKnownFileType = sourcecode.swift; path = NewItemView.swift; sourceTree = "<group>"; };
		15C105622ACB499600BF5772 /* RegisterView.swift */ = {isa = PBXFileReference; lastKnownFileType = sourcecode.swift; path = RegisterView.swift; sourceTree = "<group>"; };
		15C105642ACB49A600BF5772 /* ToDoListItemView.swift */ = {isa = PBXFileReference; lastKnownFileType = sourcecode.swift; path = ToDoListItemView.swift; sourceTree = "<group>"; };
		15C105662ACB49B200BF5772 /* HeaderView.swift */ = {isa = PBXFileReference; lastKnownFileType = sourcecode.swift; path = HeaderView.swift; sourceTree = "<group>"; };
		15CEBAC82ACCE54F007FACC7 /* MainViewModel.swift */ = {isa = PBXFileReference; lastKnownFileType = sourcecode.swift; path = MainViewModel.swift; sourceTree = "<group>"; };
		15CEBACA2ACCE56D007FACC7 /* ProfileViewModel.swift */ = {isa = PBXFileReference; lastKnownFileType = sourcecode.swift; path = ProfileViewModel.swift; sourceTree = "<group>"; };
		15CEBACC2ACCE589007FACC7 /* ToDoListViewModel.swift */ = {isa = PBXFileReference; lastKnownFileType = sourcecode.swift; path = ToDoListViewModel.swift; sourceTree = "<group>"; };
		15CEBACE2ACCE596007FACC7 /* NewItemViewModel.swift */ = {isa = PBXFileReference; lastKnownFileType = sourcecode.swift; path = NewItemViewModel.swift; sourceTree = "<group>"; };
		15CEBAD02ACCE5A1007FACC7 /* LoginViewModel.swift */ = {isa = PBXFileReference; lastKnownFileType = sourcecode.swift; path = LoginViewModel.swift; sourceTree = "<group>"; };
		15CEBAD22ACCE5AB007FACC7 /* RegisterViewModel.swift */ = {isa = PBXFileReference; lastKnownFileType = sourcecode.swift; path = RegisterViewModel.swift; sourceTree = "<group>"; };
		15CEBAD42ACCE5BB007FACC7 /* ToDoListItemViewModel.swift */ = {isa = PBXFileReference; lastKnownFileType = sourcecode.swift; path = ToDoListItemViewModel.swift; sourceTree = "<group>"; };
/* End PBXFileReference section */

/* Begin PBXFrameworksBuildPhase section */
		159144C32ACADE2000CD7800 /* Frameworks */ = {
			isa = PBXFrameworksBuildPhase;
			buildActionMask = 2147483647;
			files = (
				153BB98D2ACDE0C1005513F2 /* FirebaseDatabase in Frameworks */,
				153BB99B2ACDE0C1005513F2 /* FirebaseFunctionsCombine-Community in Frameworks */,
				153BB9932ACDE0C1005513F2 /* FirebaseFirestore in Frameworks */,
				153BB97F2ACDE0C1005513F2 /* FirebaseAnalyticsSwift in Frameworks */,
				153BB97B2ACDE0C1005513F2 /* FirebaseAnalytics in Frameworks */,
				153BB97D2ACDE0C1005513F2 /* FirebaseAnalyticsOnDeviceConversion in Frameworks */,
				153BB9A32ACDE0C1005513F2 /* FirebaseMLModelDownloader in Frameworks */,
				153BB9972ACDE0C1005513F2 /* FirebaseFirestoreSwift in Frameworks */,
				153BB9832ACDE0C1005513F2 /* FirebaseAppCheck in Frameworks */,
				153BB9812ACDE0C1005513F2 /* FirebaseAnalyticsWithoutAdIdSupport in Frameworks */,
				153BB9872ACDE0C1005513F2 /* FirebaseAuth in Frameworks */,
				153BB98B2ACDE0C1005513F2 /* FirebaseCrashlytics in Frameworks */,
				153BB9AB2ACDE0C1005513F2 /* FirebaseRemoteConfigSwift in Frameworks */,
				153BB99D2ACDE0C1005513F2 /* FirebaseInAppMessaging-Beta in Frameworks */,
				153BB98F2ACDE0C1005513F2 /* FirebaseDatabaseSwift in Frameworks */,
				153BB9992ACDE0C1005513F2 /* FirebaseFunctions in Frameworks */,
				153BB9AF2ACDE0C1005513F2 /* FirebaseStorageCombine-Community in Frameworks */,
				153BB9A92ACDE0C1005513F2 /* FirebaseRemoteConfig in Frameworks */,
				153BB9852ACDE0C1005513F2 /* FirebaseAppDistribution-Beta in Frameworks */,
				153BB9892ACDE0C1005513F2 /* FirebaseAuthCombine-Community in Frameworks */,
				153BB9A72ACDE0C1005513F2 /* FirebasePerformance in Frameworks */,
				153BB99F2ACDE0C1005513F2 /* FirebaseInAppMessagingSwift-Beta in Frameworks */,
				153BB9AD2ACDE0C1005513F2 /* FirebaseStorage in Frameworks */,
				153BB9912ACDE0C1005513F2 /* FirebaseDynamicLinks in Frameworks */,
				153BB9952ACDE0C1005513F2 /* FirebaseFirestoreCombine-Community in Frameworks */,
				153BB9A52ACDE0C1005513F2 /* FirebaseMessaging in Frameworks */,
				153BB9A12ACDE0C1005513F2 /* FirebaseInstallations in Frameworks */,
			);
			runOnlyForDeploymentPostprocessing = 0;
		};
/* End PBXFrameworksBuildPhase section */

/* Begin PBXGroup section */
		159144BD2ACADE2000CD7800 = {
			isa = PBXGroup;
			children = (
				159144C82ACADE2000CD7800 /* ToDoListApp */,
				159144C72ACADE2000CD7800 /* Products */,
			);
			sourceTree = "<group>";
		};
		159144C72ACADE2000CD7800 /* Products */ = {
			isa = PBXGroup;
			children = (
				159144C62ACADE2000CD7800 /* ToDoListApp.app */,
			);
			name = Products;
			sourceTree = "<group>";
		};
		159144C82ACADE2000CD7800 /* ToDoListApp */ = {
			isa = PBXGroup;
			children = (
				159144DB2ACAE05300CD7800 /* Other */,
				159144DA2ACAE02D00CD7800 /* Models */,
				159144D82ACADFD400CD7800 /* ViewModels */,
				159144D72ACADFC100CD7800 /* Views */,
				159144CF2ACADE2200CD7800 /* Preview Content */,
			);
			path = ToDoListApp;
			sourceTree = "<group>";
		};
		159144CF2ACADE2200CD7800 /* Preview Content */ = {
			isa = PBXGroup;
			children = (
				159144D02ACADE2200CD7800 /* Preview Assets.xcassets */,
			);
			path = "Preview Content";
			sourceTree = "<group>";
		};
		159144D72ACADFC100CD7800 /* Views */ = {
			isa = PBXGroup;
			children = (
				159144CB2ACADE2000CD7800 /* MainView.swift */,
				15C1055C2ACB495C00BF5772 /* ProfileView.swift */,
				15C1055E2ACB497800BF5772 /* ToDoListView.swift */,
				15C105602ACB498500BF5772 /* NewItemView.swift */,
				15C105562ACB469C00BF5772 /* LoginView.swift */,
				15C105622ACB499600BF5772 /* RegisterView.swift */,
				15C105642ACB49A600BF5772 /* ToDoListItemView.swift */,
				15C105662ACB49B200BF5772 /* HeaderView.swift */,
			);
			path = Views;
			sourceTree = "<group>";
		};
		159144D82ACADFD400CD7800 /* ViewModels */ = {
			isa = PBXGroup;
			children = (
				15CEBAC82ACCE54F007FACC7 /* MainViewModel.swift */,
				15CEBACA2ACCE56D007FACC7 /* ProfileViewModel.swift */,
				15CEBACC2ACCE589007FACC7 /* ToDoListViewModel.swift */,
				15CEBACE2ACCE596007FACC7 /* NewItemViewModel.swift */,
				15CEBAD02ACCE5A1007FACC7 /* LoginViewModel.swift */,
				15CEBAD22ACCE5AB007FACC7 /* RegisterViewModel.swift */,
				15CEBAD42ACCE5BB007FACC7 /* ToDoListItemViewModel.swift */,
			);
			path = ViewModels;
			sourceTree = "<group>";
		};
		159144DA2ACAE02D00CD7800 /* Models */ = {
			isa = PBXGroup;
			children = (
				15C105582ACB493A00BF5772 /* User.swift */,
				15C1055A2ACB494700BF5772 /* ToDoListItem.swift */,
			);
			path = Models;
			sourceTree = "<group>";
		};
		159144DB2ACAE05300CD7800 /* Other */ = {
			isa = PBXGroup;
			children = (
				153BB9B02ACDE3DD005513F2 /* GoogleService-Info.plist */,
				159144CD2ACADE2200CD7800 /* Assets.xcassets */,
				159144C92ACADE2000CD7800 /* ToDoListAppApp.swift */,
			);
			path = Other;
			sourceTree = "<group>";
		};
/* End PBXGroup section */

/* Begin PBXNativeTarget section */
		159144C52ACADE2000CD7800 /* ToDoListApp */ = {
			isa = PBXNativeTarget;
			buildConfigurationList = 159144D42ACADE2200CD7800 /* Build configuration list for PBXNativeTarget "ToDoListApp" */;
			buildPhases = (
				159144C22ACADE2000CD7800 /* Sources */,
				159144C32ACADE2000CD7800 /* Frameworks */,
				159144C42ACADE2000CD7800 /* Resources */,
			);
			buildRules = (
			);
			dependencies = (
			);
			name = ToDoListApp;
			packageProductDependencies = (
				153BB97A2ACDE0C1005513F2 /* FirebaseAnalytics */,
				153BB97C2ACDE0C1005513F2 /* FirebaseAnalyticsOnDeviceConversion */,
				153BB97E2ACDE0C1005513F2 /* FirebaseAnalyticsSwift */,
				153BB9802ACDE0C1005513F2 /* FirebaseAnalyticsWithoutAdIdSupport */,
				153BB9822ACDE0C1005513F2 /* FirebaseAppCheck */,
				153BB9842ACDE0C1005513F2 /* FirebaseAppDistribution-Beta */,
				153BB9862ACDE0C1005513F2 /* FirebaseAuth */,
				153BB9882ACDE0C1005513F2 /* FirebaseAuthCombine-Community */,
				153BB98A2ACDE0C1005513F2 /* FirebaseCrashlytics */,
				153BB98C2ACDE0C1005513F2 /* FirebaseDatabase */,
				153BB98E2ACDE0C1005513F2 /* FirebaseDatabaseSwift */,
				153BB9902ACDE0C1005513F2 /* FirebaseDynamicLinks */,
				153BB9922ACDE0C1005513F2 /* FirebaseFirestore */,
				153BB9942ACDE0C1005513F2 /* FirebaseFirestoreCombine-Community */,
				153BB9962ACDE0C1005513F2 /* FirebaseFirestoreSwift */,
				153BB9982ACDE0C1005513F2 /* FirebaseFunctions */,
				153BB99A2ACDE0C1005513F2 /* FirebaseFunctionsCombine-Community */,
				153BB99C2ACDE0C1005513F2 /* FirebaseInAppMessaging-Beta */,
				153BB99E2ACDE0C1005513F2 /* FirebaseInAppMessagingSwift-Beta */,
				153BB9A02ACDE0C1005513F2 /* FirebaseInstallations */,
				153BB9A22ACDE0C1005513F2 /* FirebaseMLModelDownloader */,
				153BB9A42ACDE0C1005513F2 /* FirebaseMessaging */,
				153BB9A62ACDE0C1005513F2 /* FirebasePerformance */,
				153BB9A82ACDE0C1005513F2 /* FirebaseRemoteConfig */,
				153BB9AA2ACDE0C1005513F2 /* FirebaseRemoteConfigSwift */,
				153BB9AC2ACDE0C1005513F2 /* FirebaseStorage */,
				153BB9AE2ACDE0C1005513F2 /* FirebaseStorageCombine-Community */,
			);
			productName = ToDoListApp;
			productReference = 159144C62ACADE2000CD7800 /* ToDoListApp.app */;
			productType = "com.apple.product-type.application";
		};
/* End PBXNativeTarget section */

/* Begin PBXProject section */
		159144BE2ACADE2000CD7800 /* Project object */ = {
			isa = PBXProject;
			attributes = {
				BuildIndependentTargetsInParallel = 1;
				LastSwiftUpdateCheck = 1500;
				LastUpgradeCheck = 1500;
				TargetAttributes = {
					159144C52ACADE2000CD7800 = {
						CreatedOnToolsVersion = 15.0;
					};
				};
			};
			buildConfigurationList = 159144C12ACADE2000CD7800 /* Build configuration list for PBXProject "ToDoListApp" */;
			compatibilityVersion = "Xcode 14.0";
			developmentRegion = en;
			hasScannedForEncodings = 0;
			knownRegions = (
				en,
				Base,
			);
			mainGroup = 159144BD2ACADE2000CD7800;
			packageReferences = (
				153BB9792ACDE0C1005513F2 /* XCRemoteSwiftPackageReference "firebase-ios-sdk" */,
			);
			productRefGroup = 159144C72ACADE2000CD7800 /* Products */;
			projectDirPath = "";
			projectRoot = "";
			targets = (
				159144C52ACADE2000CD7800 /* ToDoListApp */,
			);
		};
/* End PBXProject section */

/* Begin PBXResourcesBuildPhase section */
		159144C42ACADE2000CD7800 /* Resources */ = {
			isa = PBXResourcesBuildPhase;
			buildActionMask = 2147483647;
			files = (
				159144D12ACADE2200CD7800 /* Preview Assets.xcassets in Resources */,
				159144CE2ACADE2200CD7800 /* Assets.xcassets in Resources */,
				153BB9B12ACDE3DD005513F2 /* GoogleService-Info.plist in Resources */,
			);
			runOnlyForDeploymentPostprocessing = 0;
		};
/* End PBXResourcesBuildPhase section */

/* Begin PBXSourcesBuildPhase section */
		159144C22ACADE2000CD7800 /* Sources */ = {
			isa = PBXSourcesBuildPhase;
			buildActionMask = 2147483647;
			files = (
				15CEBACD2ACCE589007FACC7 /* ToDoListViewModel.swift in Sources */,
				15C105632ACB499600BF5772 /* RegisterView.swift in Sources */,
				15CEBACF2ACCE596007FACC7 /* NewItemViewModel.swift in Sources */,
				15C105612ACB498500BF5772 /* NewItemView.swift in Sources */,
				15CEBAD12ACCE5A1007FACC7 /* LoginViewModel.swift in Sources */,
				15CEBAC92ACCE54F007FACC7 /* MainViewModel.swift in Sources */,
				15C105592ACB493A00BF5772 /* User.swift in Sources */,
				15C105572ACB469C00BF5772 /* LoginView.swift in Sources */,
				159144CC2ACADE2000CD7800 /* MainView.swift in Sources */,
				15CEBAD32ACCE5AB007FACC7 /* RegisterViewModel.swift in Sources */,
				15C105652ACB49A600BF5772 /* ToDoListItemView.swift in Sources */,
				15C1055B2ACB494700BF5772 /* ToDoListItem.swift in Sources */,
				15C105672ACB49B200BF5772 /* HeaderView.swift in Sources */,
				15CEBAD52ACCE5BB007FACC7 /* ToDoListItemViewModel.swift in Sources */,
				15C1055D2ACB495C00BF5772 /* ProfileView.swift in Sources */,
				15CEBACB2ACCE56D007FACC7 /* ProfileViewModel.swift in Sources */,
				159144CA2ACADE2000CD7800 /* ToDoListAppApp.swift in Sources */,
				15C1055F2ACB497800BF5772 /* ToDoListView.swift in Sources */,
			);
			runOnlyForDeploymentPostprocessing = 0;
		};
/* End PBXSourcesBuildPhase section */

/* Begin XCBuildConfiguration section */
		159144D22ACADE2200CD7800 /* Debug */ = {
			isa = XCBuildConfiguration;
			buildSettings = {
				ALWAYS_SEARCH_USER_PATHS = NO;
				ASSETCATALOG_COMPILER_GENERATE_SWIFT_ASSET_SYMBOL_EXTENSIONS = YES;
				CLANG_ANALYZER_NONNULL = YES;
				CLANG_ANALYZER_NUMBER_OBJECT_CONVERSION = YES_AGGRESSIVE;
				CLANG_CXX_LANGUAGE_STANDARD = "gnu++20";
				CLANG_ENABLE_MODULES = YES;
				CLANG_ENABLE_OBJC_ARC = YES;
				CLANG_ENABLE_OBJC_WEAK = YES;
				CLANG_WARN_BLOCK_CAPTURE_AUTORELEASING = YES;
				CLANG_WARN_BOOL_CONVERSION = YES;
				CLANG_WARN_COMMA = YES;
				CLANG_WARN_CONSTANT_CONVERSION = YES;
				CLANG_WARN_DEPRECATED_OBJC_IMPLEMENTATIONS = YES;
				CLANG_WARN_DIRECT_OBJC_ISA_USAGE = YES_ERROR;
				CLANG_WARN_DOCUMENTATION_COMMENTS = YES;
				CLANG_WARN_EMPTY_BODY = YES;
				CLANG_WARN_ENUM_CONVERSION = YES;
				CLANG_WARN_INFINITE_RECURSION = YES;
				CLANG_WARN_INT_CONVERSION = YES;
				CLANG_WARN_NON_LITERAL_NULL_CONVERSION = YES;
				CLANG_WARN_OBJC_IMPLICIT_RETAIN_SELF = YES;
				CLANG_WARN_OBJC_LITERAL_CONVERSION = YES;
				CLANG_WARN_OBJC_ROOT_CLASS = YES_ERROR;
				CLANG_WARN_QUOTED_INCLUDE_IN_FRAMEWORK_HEADER = YES;
				CLANG_WARN_RANGE_LOOP_ANALYSIS = YES;
				CLANG_WARN_STRICT_PROTOTYPES = YES;
				CLANG_WARN_SUSPICIOUS_MOVE = YES;
				CLANG_WARN_UNGUARDED_AVAILABILITY = YES_AGGRESSIVE;
				CLANG_WARN_UNREACHABLE_CODE = YES;
				CLANG_WARN__DUPLICATE_METHOD_MATCH = YES;
				COPY_PHASE_STRIP = NO;
				DEBUG_INFORMATION_FORMAT = dwarf;
				ENABLE_STRICT_OBJC_MSGSEND = YES;
				ENABLE_TESTABILITY = YES;
				ENABLE_USER_SCRIPT_SANDBOXING = YES;
				GCC_C_LANGUAGE_STANDARD = gnu17;
				GCC_DYNAMIC_NO_PIC = NO;
				GCC_NO_COMMON_BLOCKS = YES;
				GCC_OPTIMIZATION_LEVEL = 0;
				GCC_PREPROCESSOR_DEFINITIONS = (
					"DEBUG=1",
					"$(inherited)",
				);
				GCC_WARN_64_TO_32_BIT_CONVERSION = YES;
				GCC_WARN_ABOUT_RETURN_TYPE = YES_ERROR;
				GCC_WARN_UNDECLARED_SELECTOR = YES;
				GCC_WARN_UNINITIALIZED_AUTOS = YES_AGGRESSIVE;
				GCC_WARN_UNUSED_FUNCTION = YES;
				GCC_WARN_UNUSED_VARIABLE = YES;
				IPHONEOS_DEPLOYMENT_TARGET = 17.0;
				LOCALIZATION_PREFERS_STRING_CATALOGS = YES;
				MTL_ENABLE_DEBUG_INFO = INCLUDE_SOURCE;
				MTL_FAST_MATH = YES;
				ONLY_ACTIVE_ARCH = YES;
				SDKROOT = iphoneos;
				SWIFT_ACTIVE_COMPILATION_CONDITIONS = "DEBUG $(inherited)";
				SWIFT_OPTIMIZATION_LEVEL = "-Onone";
			};
			name = Debug;
		};
		159144D32ACADE2200CD7800 /* Release */ = {
			isa = XCBuildConfiguration;
			buildSettings = {
				ALWAYS_SEARCH_USER_PATHS = NO;
				ASSETCATALOG_COMPILER_GENERATE_SWIFT_ASSET_SYMBOL_EXTENSIONS = YES;
				CLANG_ANALYZER_NONNULL = YES;
				CLANG_ANALYZER_NUMBER_OBJECT_CONVERSION = YES_AGGRESSIVE;
				CLANG_CXX_LANGUAGE_STANDARD = "gnu++20";
				CLANG_ENABLE_MODULES = YES;
				CLANG_ENABLE_OBJC_ARC = YES;
				CLANG_ENABLE_OBJC_WEAK = YES;
				CLANG_WARN_BLOCK_CAPTURE_AUTORELEASING = YES;
				CLANG_WARN_BOOL_CONVERSION = YES;
				CLANG_WARN_COMMA = YES;
				CLANG_WARN_CONSTANT_CONVERSION = YES;
				CLANG_WARN_DEPRECATED_OBJC_IMPLEMENTATIONS = YES;
				CLANG_WARN_DIRECT_OBJC_ISA_USAGE = YES_ERROR;
				CLANG_WARN_DOCUMENTATION_COMMENTS = YES;
				CLANG_WARN_EMPTY_BODY = YES;
				CLANG_WARN_ENUM_CONVERSION = YES;
				CLANG_WARN_INFINITE_RECURSION = YES;
				CLANG_WARN_INT_CONVERSION = YES;
				CLANG_WARN_NON_LITERAL_NULL_CONVERSION = YES;
				CLANG_WARN_OBJC_IMPLICIT_RETAIN_SELF = YES;
				CLANG_WARN_OBJC_LITERAL_CONVERSION = YES;
				CLANG_WARN_OBJC_ROOT_CLASS = YES_ERROR;
				CLANG_WARN_QUOTED_INCLUDE_IN_FRAMEWORK_HEADER = YES;
				CLANG_WARN_RANGE_LOOP_ANALYSIS = YES;
				CLANG_WARN_STRICT_PROTOTYPES = YES;
				CLANG_WARN_SUSPICIOUS_MOVE = YES;
				CLANG_WARN_UNGUARDED_AVAILABILITY = YES_AGGRESSIVE;
				CLANG_WARN_UNREACHABLE_CODE = YES;
				CLANG_WARN__DUPLICATE_METHOD_MATCH = YES;
				COPY_PHASE_STRIP = NO;
				DEBUG_INFORMATION_FORMAT = "dwarf-with-dsym";
				ENABLE_NS_ASSERTIONS = NO;
				ENABLE_STRICT_OBJC_MSGSEND = YES;
				ENABLE_USER_SCRIPT_SANDBOXING = YES;
				GCC_C_LANGUAGE_STANDARD = gnu17;
				GCC_NO_COMMON_BLOCKS = YES;
				GCC_WARN_64_TO_32_BIT_CONVERSION = YES;
				GCC_WARN_ABOUT_RETURN_TYPE = YES_ERROR;
				GCC_WARN_UNDECLARED_SELECTOR = YES;
				GCC_WARN_UNINITIALIZED_AUTOS = YES_AGGRESSIVE;
				GCC_WARN_UNUSED_FUNCTION = YES;
				GCC_WARN_UNUSED_VARIABLE = YES;
				IPHONEOS_DEPLOYMENT_TARGET = 17.0;
				LOCALIZATION_PREFERS_STRING_CATALOGS = YES;
				MTL_ENABLE_DEBUG_INFO = NO;
				MTL_FAST_MATH = YES;
				SDKROOT = iphoneos;
				SWIFT_COMPILATION_MODE = wholemodule;
				VALIDATE_PRODUCT = YES;
			};
			name = Release;
		};
		159144D52ACADE2200CD7800 /* Debug */ = {
			isa = XCBuildConfiguration;
			buildSettings = {
				ASSETCATALOG_COMPILER_APPICON_NAME = AppIcon;
				ASSETCATALOG_COMPILER_GLOBAL_ACCENT_COLOR_NAME = AccentColor;
				CODE_SIGN_STYLE = Automatic;
				CURRENT_PROJECT_VERSION = 1;
				DEVELOPMENT_ASSET_PATHS = "\"ToDoListApp/Preview Content\"";
				DEVELOPMENT_TEAM = 7JSY9C6T6V;
				ENABLE_PREVIEWS = YES;
				GENERATE_INFOPLIST_FILE = YES;
				INFOPLIST_KEY_UIApplicationSceneManifest_Generation = YES;
				INFOPLIST_KEY_UIApplicationSupportsIndirectInputEvents = YES;
				INFOPLIST_KEY_UILaunchScreen_Generation = YES;
				INFOPLIST_KEY_UISupportedInterfaceOrientations_iPad = "UIInterfaceOrientationPortrait UIInterfaceOrientationPortraitUpsideDown UIInterfaceOrientationLandscapeLeft UIInterfaceOrientationLandscapeRight";
				INFOPLIST_KEY_UISupportedInterfaceOrientations_iPhone = "UIInterfaceOrientationPortrait UIInterfaceOrientationLandscapeLeft UIInterfaceOrientationLandscapeRight";
				LD_RUNPATH_SEARCH_PATHS = (
					"$(inherited)",
					"@executable_path/Frameworks",
				);
				MARKETING_VERSION = 1.0;
				PRODUCT_BUNDLE_IDENTIFIER = br.com.brunodeev.ToDoListApp;
				PRODUCT_NAME = "$(TARGET_NAME)";
				SWIFT_EMIT_LOC_STRINGS = YES;
				SWIFT_VERSION = 5.0;
				TARGETED_DEVICE_FAMILY = "1,2";
			};
			name = Debug;
		};
		159144D62ACADE2200CD7800 /* Release */ = {
			isa = XCBuildConfiguration;
			buildSettings = {
				ASSETCATALOG_COMPILER_APPICON_NAME = AppIcon;
				ASSETCATALOG_COMPILER_GLOBAL_ACCENT_COLOR_NAME = AccentColor;
				CODE_SIGN_STYLE = Automatic;
				CURRENT_PROJECT_VERSION = 1;
				DEVELOPMENT_ASSET_PATHS = "\"ToDoListApp/Preview Content\"";
				DEVELOPMENT_TEAM = 7JSY9C6T6V;
				ENABLE_PREVIEWS = YES;
				GENERATE_INFOPLIST_FILE = YES;
				INFOPLIST_KEY_UIApplicationSceneManifest_Generation = YES;
				INFOPLIST_KEY_UIApplicationSupportsIndirectInputEvents = YES;
				INFOPLIST_KEY_UILaunchScreen_Generation = YES;
				INFOPLIST_KEY_UISupportedInterfaceOrientations_iPad = "UIInterfaceOrientationPortrait UIInterfaceOrientationPortraitUpsideDown UIInterfaceOrientationLandscapeLeft UIInterfaceOrientationLandscapeRight";
				INFOPLIST_KEY_UISupportedInterfaceOrientations_iPhone = "UIInterfaceOrientationPortrait UIInterfaceOrientationLandscapeLeft UIInterfaceOrientationLandscapeRight";
				LD_RUNPATH_SEARCH_PATHS = (
					"$(inherited)",
					"@executable_path/Frameworks",
				);
				MARKETING_VERSION = 1.0;
				PRODUCT_BUNDLE_IDENTIFIER = br.com.brunodeev.ToDoListApp;
				PRODUCT_NAME = "$(TARGET_NAME)";
				SWIFT_EMIT_LOC_STRINGS = YES;
				SWIFT_VERSION = 5.0;
				TARGETED_DEVICE_FAMILY = "1,2";
			};
			name = Release;
		};
/* End XCBuildConfiguration section */

/* Begin XCConfigurationList section */
		159144C12ACADE2000CD7800 /* Build configuration list for PBXProject "ToDoListApp" */ = {
			isa = XCConfigurationList;
			buildConfigurations = (
				159144D22ACADE2200CD7800 /* Debug */,
				159144D32ACADE2200CD7800 /* Release */,
			);
			defaultConfigurationIsVisible = 0;
			defaultConfigurationName = Release;
		};
		159144D42ACADE2200CD7800 /* Build configuration list for PBXNativeTarget "ToDoListApp" */ = {
			isa = XCConfigurationList;
			buildConfigurations = (
				159144D52ACADE2200CD7800 /* Debug */,
				159144D62ACADE2200CD7800 /* Release */,
			);
			defaultConfigurationIsVisible = 0;
			defaultConfigurationName = Release;
		};
/* End XCConfigurationList section */

/* Begin XCRemoteSwiftPackageReference section */
		153BB9792ACDE0C1005513F2 /* XCRemoteSwiftPackageReference "firebase-ios-sdk" */ = {
			isa = XCRemoteSwiftPackageReference;
			repositoryURL = "https://github.com/firebase/firebase-ios-sdk";
			requirement = {
				kind = upToNextMajorVersion;
				minimumVersion = 10.16.0;
			};
		};
/* End XCRemoteSwiftPackageReference section */

/* Begin XCSwiftPackageProductDependency section */
		153BB97A2ACDE0C1005513F2 /* FirebaseAnalytics */ = {
			isa = XCSwiftPackageProductDependency;
			package = 153BB9792ACDE0C1005513F2 /* XCRemoteSwiftPackageReference "firebase-ios-sdk" */;
			productName = FirebaseAnalytics;
		};
		153BB97C2ACDE0C1005513F2 /* FirebaseAnalyticsOnDeviceConversion */ = {
			isa = XCSwiftPackageProductDependency;
			package = 153BB9792ACDE0C1005513F2 /* XCRemoteSwiftPackageReference "firebase-ios-sdk" */;
			productName = FirebaseAnalyticsOnDeviceConversion;
		};
		153BB97E2ACDE0C1005513F2 /* FirebaseAnalyticsSwift */ = {
			isa = XCSwiftPackageProductDependency;
			package = 153BB9792ACDE0C1005513F2 /* XCRemoteSwiftPackageReference "firebase-ios-sdk" */;
			productName = FirebaseAnalyticsSwift;
		};
		153BB9802ACDE0C1005513F2 /* FirebaseAnalyticsWithoutAdIdSupport */ = {
			isa = XCSwiftPackageProductDependency;
			package = 153BB9792ACDE0C1005513F2 /* XCRemoteSwiftPackageReference "firebase-ios-sdk" */;
			productName = FirebaseAnalyticsWithoutAdIdSupport;
		};
		153BB9822ACDE0C1005513F2 /* FirebaseAppCheck */ = {
			isa = XCSwiftPackageProductDependency;
			package = 153BB9792ACDE0C1005513F2 /* XCRemoteSwiftPackageReference "firebase-ios-sdk" */;
			productName = FirebaseAppCheck;
		};
		153BB9842ACDE0C1005513F2 /* FirebaseAppDistribution-Beta */ = {
			isa = XCSwiftPackageProductDependency;
			package = 153BB9792ACDE0C1005513F2 /* XCRemoteSwiftPackageReference "firebase-ios-sdk" */;
			productName = "FirebaseAppDistribution-Beta";
		};
		153BB9862ACDE0C1005513F2 /* FirebaseAuth */ = {
			isa = XCSwiftPackageProductDependency;
			package = 153BB9792ACDE0C1005513F2 /* XCRemoteSwiftPackageReference "firebase-ios-sdk" */;
			productName = FirebaseAuth;
		};
		153BB9882ACDE0C1005513F2 /* FirebaseAuthCombine-Community */ = {
			isa = XCSwiftPackageProductDependency;
			package = 153BB9792ACDE0C1005513F2 /* XCRemoteSwiftPackageReference "firebase-ios-sdk" */;
			productName = "FirebaseAuthCombine-Community";
		};
		153BB98A2ACDE0C1005513F2 /* FirebaseCrashlytics */ = {
			isa = XCSwiftPackageProductDependency;
			package = 153BB9792ACDE0C1005513F2 /* XCRemoteSwiftPackageReference "firebase-ios-sdk" */;
			productName = FirebaseCrashlytics;
		};
		153BB98C2ACDE0C1005513F2 /* FirebaseDatabase */ = {
			isa = XCSwiftPackageProductDependency;
			package = 153BB9792ACDE0C1005513F2 /* XCRemoteSwiftPackageReference "firebase-ios-sdk" */;
			productName = FirebaseDatabase;
		};
		153BB98E2ACDE0C1005513F2 /* FirebaseDatabaseSwift */ = {
			isa = XCSwiftPackageProductDependency;
			package = 153BB9792ACDE0C1005513F2 /* XCRemoteSwiftPackageReference "firebase-ios-sdk" */;
			productName = FirebaseDatabaseSwift;
		};
		153BB9902ACDE0C1005513F2 /* FirebaseDynamicLinks */ = {
			isa = XCSwiftPackageProductDependency;
			package = 153BB9792ACDE0C1005513F2 /* XCRemoteSwiftPackageReference "firebase-ios-sdk" */;
			productName = FirebaseDynamicLinks;
		};
		153BB9922ACDE0C1005513F2 /* FirebaseFirestore */ = {
			isa = XCSwiftPackageProductDependency;
			package = 153BB9792ACDE0C1005513F2 /* XCRemoteSwiftPackageReference "firebase-ios-sdk" */;
			productName = FirebaseFirestore;
		};
		153BB9942ACDE0C1005513F2 /* FirebaseFirestoreCombine-Community */ = {
			isa = XCSwiftPackageProductDependency;
			package = 153BB9792ACDE0C1005513F2 /* XCRemoteSwiftPackageReference "firebase-ios-sdk" */;
			productName = "FirebaseFirestoreCombine-Community";
		};
		153BB9962ACDE0C1005513F2 /* FirebaseFirestoreSwift */ = {
			isa = XCSwiftPackageProductDependency;
			package = 153BB9792ACDE0C1005513F2 /* XCRemoteSwiftPackageReference "firebase-ios-sdk" */;
			productName = FirebaseFirestoreSwift;
		};
		153BB9982ACDE0C1005513F2 /* FirebaseFunctions */ = {
			isa = XCSwiftPackageProductDependency;
			package = 153BB9792ACDE0C1005513F2 /* XCRemoteSwiftPackageReference "firebase-ios-sdk" */;
			productName = FirebaseFunctions;
		};
		153BB99A2ACDE0C1005513F2 /* FirebaseFunctionsCombine-Community */ = {
			isa = XCSwiftPackageProductDependency;
			package = 153BB9792ACDE0C1005513F2 /* XCRemoteSwiftPackageReference "firebase-ios-sdk" */;
			productName = "FirebaseFunctionsCombine-Community";
		};
		153BB99C2ACDE0C1005513F2 /* FirebaseInAppMessaging-Beta */ = {
			isa = XCSwiftPackageProductDependency;
			package = 153BB9792ACDE0C1005513F2 /* XCRemoteSwiftPackageReference "firebase-ios-sdk" */;
			productName = "FirebaseInAppMessaging-Beta";
		};
		153BB99E2ACDE0C1005513F2 /* FirebaseInAppMessagingSwift-Beta */ = {
			isa = XCSwiftPackageProductDependency;
			package = 153BB9792ACDE0C1005513F2 /* XCRemoteSwiftPackageReference "firebase-ios-sdk" */;
			productName = "FirebaseInAppMessagingSwift-Beta";
		};
		153BB9A02ACDE0C1005513F2 /* FirebaseInstallations */ = {
			isa = XCSwiftPackageProductDependency;
			package = 153BB9792ACDE0C1005513F2 /* XCRemoteSwiftPackageReference "firebase-ios-sdk" */;
			productName = FirebaseInstallations;
		};
		153BB9A22ACDE0C1005513F2 /* FirebaseMLModelDownloader */ = {
			isa = XCSwiftPackageProductDependency;
			package = 153BB9792ACDE0C1005513F2 /* XCRemoteSwiftPackageReference "firebase-ios-sdk" */;
			productName = FirebaseMLModelDownloader;
		};
		153BB9A42ACDE0C1005513F2 /* FirebaseMessaging */ = {
			isa = XCSwiftPackageProductDependency;
			package = 153BB9792ACDE0C1005513F2 /* XCRemoteSwiftPackageReference "firebase-ios-sdk" */;
			productName = FirebaseMessaging;
		};
		153BB9A62ACDE0C1005513F2 /* FirebasePerformance */ = {
			isa = XCSwiftPackageProductDependency;
			package = 153BB9792ACDE0C1005513F2 /* XCRemoteSwiftPackageReference "firebase-ios-sdk" */;
			productName = FirebasePerformance;
		};
		153BB9A82ACDE0C1005513F2 /* FirebaseRemoteConfig */ = {
			isa = XCSwiftPackageProductDependency;
			package = 153BB9792ACDE0C1005513F2 /* XCRemoteSwiftPackageReference "firebase-ios-sdk" */;
			productName = FirebaseRemoteConfig;
		};
		153BB9AA2ACDE0C1005513F2 /* FirebaseRemoteConfigSwift */ = {
			isa = XCSwiftPackageProductDependency;
			package = 153BB9792ACDE0C1005513F2 /* XCRemoteSwiftPackageReference "firebase-ios-sdk" */;
			productName = FirebaseRemoteConfigSwift;
		};
		153BB9AC2ACDE0C1005513F2 /* FirebaseStorage */ = {
			isa = XCSwiftPackageProductDependency;
			package = 153BB9792ACDE0C1005513F2 /* XCRemoteSwiftPackageReference "firebase-ios-sdk" */;
			productName = FirebaseStorage;
		};
		153BB9AE2ACDE0C1005513F2 /* FirebaseStorageCombine-Community */ = {
			isa = XCSwiftPackageProductDependency;
			package = 153BB9792ACDE0C1005513F2 /* XCRemoteSwiftPackageReference "firebase-ios-sdk" */;
			productName = "FirebaseStorageCombine-Community";
		};
/* End XCSwiftPackageProductDependency section */
	};
	rootObject = 159144BE2ACADE2000CD7800 /* Project object */;
}
