// !$*UTF8*$!
{
	archiveVersion = 1;
	classes = {
	};
	objectVersion = 56;
	objects = {

/* Begin PBXBuildFile section */
		159144CA2ACADE2000CD7800 /* ToDoListAppApp.swift in Sources */ = {isa = PBXBuildFile; fileRef = 159144C92ACADE2000CD7800 /* ToDoListAppApp.swift */; };
		159144CC2ACADE2000CD7800 /* MainView.swift in Sources */ = {isa = PBXBuildFile; fileRef = 159144CB2ACADE2000CD7800 /* MainView.swift */; };
		159144CE2ACADE2200CD7800 /* Assets.xcassets in Resources */ = {isa = PBXBuildFile; fileRef = 159144CD2ACADE2200CD7800 /* Assets.xcassets */; };
		159144D12ACADE2200CD7800 /* Preview Assets.xcassets in Resources */ = {isa = PBXBuildFile; fileRef = 159144D02ACADE2200CD7800 /* Preview Assets.xcassets */; };
		15C105572ACB469C00BF5772 /* LoginView.swift in Sources */ = {isa = PBXBuildFile; fileRef = 15C105562ACB469C00BF5772 /* LoginView.swift */; };
		15C105592ACB493A00BF5772 /* User.swift in Sources */ = {isa = PBXBuildFile; fileRef = 15C105582ACB493A00BF5772 /* User.swift */; };
		15C1055B2ACB494700BF5772 /* ToDoListItem.swift in Sources */ = {isa = PBXBuildFile; fileRef = 15C1055A2ACB494700BF5772 /* ToDoListItem.swift */; };
		15C1055D2ACB495C00BF5772 /* ProfileView.swift in Sources */ = {isa = PBXBuildFile; fileRef = 15C1055C2ACB495C00BF5772 /* ProfileView.swift */; };
		15C1055F2ACB497800BF5772 /* ToDoListView.swift in Sources */ = {isa = PBXBuildFile; fileRef = 15C1055E2ACB497800BF5772 /* ToDoListView.swift */; };
		15C105612ACB498500BF5772 /* NewItemView.swift in Sources */ = {isa = PBXBuildFile; fileRef = 15C105602ACB498500BF5772 /* NewItemView.swift */; };
		15C105632ACB499600BF5772 /* RegisterView.swift in Sources */ = {isa = PBXBuildFile; fileRef = 15C105622ACB499600BF5772 /* RegisterView.swift */; };
		15C105652ACB49A600BF5772 /* ToDoListItemView.swift in Sources */ = {isa = PBXBuildFile; fileRef = 15C105642ACB49A600BF5772 /* ToDoListItemView.swift */; };
		15C105672ACB49B200BF5772 /* HeaderView.swift in Sources */ = {isa = PBXBuildFile; fileRef = 15C105662ACB49B200BF5772 /* HeaderView.swift */; };
		15C105692ACB49C100BF5772 /* MainViewViewModel.swift in Sources */ = {isa = PBXBuildFile; fileRef = 15C105682ACB49C100BF5772 /* MainViewViewModel.swift */; };
		15C1056B2ACB49CE00BF5772 /* ProfileViewViewModel.swift in Sources */ = {isa = PBXBuildFile; fileRef = 15C1056A2ACB49CE00BF5772 /* ProfileViewViewModel.swift */; };
		15C1056D2ACB4A1900BF5772 /* ToDoListViewViewModel.swift in Sources */ = {isa = PBXBuildFile; fileRef = 15C1056C2ACB4A1900BF5772 /* ToDoListViewViewModel.swift */; };
		15C1056F2ACB4A2B00BF5772 /* NewItemViewViewModel.swift in Sources */ = {isa = PBXBuildFile; fileRef = 15C1056E2ACB4A2B00BF5772 /* NewItemViewViewModel.swift */; };
		15C105712ACB4A3800BF5772 /* LoginViewViewModel.swift in Sources */ = {isa = PBXBuildFile; fileRef = 15C105702ACB4A3800BF5772 /* LoginViewViewModel.swift */; };
		15C105732ACB4A4500BF5772 /* RegisterViewViewModel.swift in Sources */ = {isa = PBXBuildFile; fileRef = 15C105722ACB4A4500BF5772 /* RegisterViewViewModel.swift */; };
		15C105752ACB4A5700BF5772 /* ToDoListItemViewViewModel.swift in Sources */ = {isa = PBXBuildFile; fileRef = 15C105742ACB4A5700BF5772 /* ToDoListItemViewViewModel.swift */; };
/* End PBXBuildFile section */

/* Begin PBXFileReference section */
		159144C62ACADE2000CD7800 /* ToDoListApp.app */ = {isa = PBXFileReference; explicitFileType = wrapper.application; includeInIndex = 0; path = ToDoListApp.app; sourceTree = BUILT_PRODUCTS_DIR; };
		159144C92ACADE2000CD7800 /* ToDoListAppApp.swift */ = {isa = PBXFileReference; lastKnownFileType = sourcecode.swift; path = ToDoListAppApp.swift; sourceTree = "<group>"; };
		159144CB2ACADE2000CD7800 /* MainView.swift */ = {isa = PBXFileReference; lastKnownFileType = sourcecode.swift; path = MainView.swift; sourceTree = "<group>"; };
		159144CD2ACADE2200CD7800 /* Assets.xcassets */ = {isa = PBXFileReference; lastKnownFileType = folder.assetcatalog; path = Assets.xcassets; sourceTree = "<group>"; };
		159144D02ACADE2200CD7800 /* Preview Assets.xcassets */ = {isa = PBXFileReference; lastKnownFileType = folder.assetcatalog; path = "Preview Assets.xcassets"; sourceTree = "<group>"; };
		15C105562ACB469C00BF5772 /* LoginView.swift */ = {isa = PBXFileReference; lastKnownFileType = sourcecode.swift; path = LoginView.swift; sourceTree = "<group>"; };
		15C105582ACB493A00BF5772 /* User.swift */ = {isa = PBXFileReference; lastKnownFileType = sourcecode.swift; path = User.swift; sourceTree = "<group>"; };
		15C1055A2ACB494700BF5772 /* ToDoListItem.swift */ = {isa = PBXFileReference; lastKnownFileType = sourcecode.swift; path = ToDoListItem.swift; sourceTree = "<group>"; };
		15C1055C2ACB495C00BF5772 /* ProfileView.swift */ = {isa = PBXFileReference; lastKnownFileType = sourcecode.swift; path = ProfileView.swift; sourceTree = "<group>"; };
		15C1055E2ACB497800BF5772 /* ToDoListView.swift */ = {isa = PBXFileReference; lastKnownFileType = sourcecode.swift; path = ToDoListView.swift; sourceTree = "<group>"; };
		15C105602ACB498500BF5772 /* NewItemView.swift */ = {isa = PBXFileReference; lastKnownFileType = sourcecode.swift; path = NewItemView.swift; sourceTree = "<group>"; };
		15C105622ACB499600BF5772 /* RegisterView.swift */ = {isa = PBXFileReference; lastKnownFileType = sourcecode.swift; path = RegisterView.swift; sourceTree = "<group>"; };
		15C105642ACB49A600BF5772 /* ToDoListItemView.swift */ = {isa = PBXFileReference; lastKnownFileType = sourcecode.swift; path = ToDoListItemView.swift; sourceTree = "<group>"; };
		15C105662ACB49B200BF5772 /* HeaderView.swift */ = {isa = PBXFileReference; lastKnownFileType = sourcecode.swift; path = HeaderView.swift; sourceTree = "<group>"; };
		15C105682ACB49C100BF5772 /* MainViewViewModel.swift */ = {isa = PBXFileReference; lastKnownFileType = sourcecode.swift; path = MainViewViewModel.swift; sourceTree = "<group>"; };
		15C1056A2ACB49CE00BF5772 /* ProfileViewViewModel.swift */ = {isa = PBXFileReference; lastKnownFileType = sourcecode.swift; path = ProfileViewViewModel.swift; sourceTree = "<group>"; };
		15C1056C2ACB4A1900BF5772 /* ToDoListViewViewModel.swift */ = {isa = PBXFileReference; lastKnownFileType = sourcecode.swift; path = ToDoListViewViewModel.swift; sourceTree = "<group>"; };
		15C1056E2ACB4A2B00BF5772 /* NewItemViewViewModel.swift */ = {isa = PBXFileReference; lastKnownFileType = sourcecode.swift; path = NewItemViewViewModel.swift; sourceTree = "<group>"; };
		15C105702ACB4A3800BF5772 /* LoginViewViewModel.swift */ = {isa = PBXFileReference; lastKnownFileType = sourcecode.swift; path = LoginViewViewModel.swift; sourceTree = "<group>"; };
		15C105722ACB4A4500BF5772 /* RegisterViewViewModel.swift */ = {isa = PBXFileReference; lastKnownFileType = sourcecode.swift; path = RegisterViewViewModel.swift; sourceTree = "<group>"; };
		15C105742ACB4A5700BF5772 /* ToDoListItemViewViewModel.swift */ = {isa = PBXFileReference; lastKnownFileType = sourcecode.swift; path = ToDoListItemViewViewModel.swift; sourceTree = "<group>"; };
/* End PBXFileReference section */

/* Begin PBXFrameworksBuildPhase section */
		159144C32ACADE2000CD7800 /* Frameworks */ = {
			isa = PBXFrameworksBuildPhase;
			buildActionMask = 2147483647;
			files = (
			);
			runOnlyForDeploymentPostprocessing = 0;
		};
/* End PBXFrameworksBuildPhase section */

/* Begin PBXGroup section */
		159144BD2ACADE2000CD7800 = {
			isa = PBXGroup;
			children = (
				159144C82ACADE2000CD7800 /* ToDoListApp */,
				159144C72ACADE2000CD7800 /* Products */,
			);
			sourceTree = "<group>";
		};
		159144C72ACADE2000CD7800 /* Products */ = {
			isa = PBXGroup;
			children = (
				159144C62ACADE2000CD7800 /* ToDoListApp.app */,
			);
			name = Products;
			sourceTree = "<group>";
		};
		159144C82ACADE2000CD7800 /* ToDoListApp */ = {
			isa = PBXGroup;
			children = (
				159144DB2ACAE05300CD7800 /* Other */,
				159144DA2ACAE02D00CD7800 /* Models */,
				159144D82ACADFD400CD7800 /* ViewModels */,
				159144D72ACADFC100CD7800 /* Views */,
				159144CF2ACADE2200CD7800 /* Preview Content */,
			);
			path = ToDoListApp;
			sourceTree = "<group>";
		};
		159144CF2ACADE2200CD7800 /* Preview Content */ = {
			isa = PBXGroup;
			children = (
				159144D02ACADE2200CD7800 /* Preview Assets.xcassets */,
			);
			path = "Preview Content";
			sourceTree = "<group>";
		};
		159144D72ACADFC100CD7800 /* Views */ = {
			isa = PBXGroup;
			children = (
				159144CB2ACADE2000CD7800 /* MainView.swift */,
				15C1055C2ACB495C00BF5772 /* ProfileView.swift */,
				15C1055E2ACB497800BF5772 /* ToDoListView.swift */,
				15C105602ACB498500BF5772 /* NewItemView.swift */,
				15C105562ACB469C00BF5772 /* LoginView.swift */,
				15C105622ACB499600BF5772 /* RegisterView.swift */,
				15C105642ACB49A600BF5772 /* ToDoListItemView.swift */,
				15C105662ACB49B200BF5772 /* HeaderView.swift */,
			);
			path = Views;
			sourceTree = "<group>";
		};
		159144D82ACADFD400CD7800 /* ViewModels */ = {
			isa = PBXGroup;
			children = (
				15C105682ACB49C100BF5772 /* MainViewViewModel.swift */,
				15C1056A2ACB49CE00BF5772 /* ProfileViewViewModel.swift */,
				15C1056C2ACB4A1900BF5772 /* ToDoListViewViewModel.swift */,
				15C1056E2ACB4A2B00BF5772 /* NewItemViewViewModel.swift */,
				15C105702ACB4A3800BF5772 /* LoginViewViewModel.swift */,
				15C105722ACB4A4500BF5772 /* RegisterViewViewModel.swift */,
				15C105742ACB4A5700BF5772 /* ToDoListItemViewViewModel.swift */,
			);
			path = ViewModels;
			sourceTree = "<group>";
		};
		159144DA2ACAE02D00CD7800 /* Models */ = {
			isa = PBXGroup;
			children = (
				15C105582ACB493A00BF5772 /* User.swift */,
				15C1055A2ACB494700BF5772 /* ToDoListItem.swift */,
			);
			path = Models;
			sourceTree = "<group>";
		};
		159144DB2ACAE05300CD7800 /* Other */ = {
			isa = PBXGroup;
			children = (
				159144CD2ACADE2200CD7800 /* Assets.xcassets */,
				159144C92ACADE2000CD7800 /* ToDoListAppApp.swift */,
			);
			path = Other;
			sourceTree = "<group>";
		};
/* End PBXGroup section */

/* Begin PBXNativeTarget section */
		159144C52ACADE2000CD7800 /* ToDoListApp */ = {
			isa = PBXNativeTarget;
			buildConfigurationList = 159144D42ACADE2200CD7800 /* Build configuration list for PBXNativeTarget "ToDoListApp" */;
			buildPhases = (
				159144C22ACADE2000CD7800 /* Sources */,
				159144C32ACADE2000CD7800 /* Frameworks */,
				159144C42ACADE2000CD7800 /* Resources */,
			);
			buildRules = (
			);
			dependencies = (
			);
			name = ToDoListApp;
			productName = ToDoListApp;
			productReference = 159144C62ACADE2000CD7800 /* ToDoListApp.app */;
			productType = "com.apple.product-type.application";
		};
/* End PBXNativeTarget section */

/* Begin PBXProject section */
		159144BE2ACADE2000CD7800 /* Project object */ = {
			isa = PBXProject;
			attributes = {
				BuildIndependentTargetsInParallel = 1;
				LastSwiftUpdateCheck = 1500;
				LastUpgradeCheck = 1500;
				TargetAttributes = {
					159144C52ACADE2000CD7800 = {
						CreatedOnToolsVersion = 15.0;
					};
				};
			};
			buildConfigurationList = 159144C12ACADE2000CD7800 /* Build configuration list for PBXProject "ToDoListApp" */;
			compatibilityVersion = "Xcode 14.0";
			developmentRegion = en;
			hasScannedForEncodings = 0;
			knownRegions = (
				en,
				Base,
			);
			mainGroup = 159144BD2ACADE2000CD7800;
			productRefGroup = 159144C72ACADE2000CD7800 /* Products */;
			projectDirPath = "";
			projectRoot = "";
			targets = (
				159144C52ACADE2000CD7800 /* ToDoListApp */,
			);
		};
/* End PBXProject section */

/* Begin PBXResourcesBuildPhase section */
		159144C42ACADE2000CD7800 /* Resources */ = {
			isa = PBXResourcesBuildPhase;
			buildActionMask = 2147483647;
			files = (
				159144D12ACADE2200CD7800 /* Preview Assets.xcassets in Resources */,
				159144CE2ACADE2200CD7800 /* Assets.xcassets in Resources */,
			);
			runOnlyForDeploymentPostprocessing = 0;
		};
/* End PBXResourcesBuildPhase section */

/* Begin PBXSourcesBuildPhase section */
		159144C22ACADE2000CD7800 /* Sources */ = {
			isa = PBXSourcesBuildPhase;
			buildActionMask = 2147483647;
			files = (
				15C105632ACB499600BF5772 /* RegisterView.swift in Sources */,
				15C1056D2ACB4A1900BF5772 /* ToDoListViewViewModel.swift in Sources */,
				15C105732ACB4A4500BF5772 /* RegisterViewViewModel.swift in Sources */,
				15C105612ACB498500BF5772 /* NewItemView.swift in Sources */,
				15C105712ACB4A3800BF5772 /* LoginViewViewModel.swift in Sources */,
				15C105692ACB49C100BF5772 /* MainViewViewModel.swift in Sources */,
				15C1056B2ACB49CE00BF5772 /* ProfileViewViewModel.swift in Sources */,
				15C105592ACB493A00BF5772 /* User.swift in Sources */,
				15C105572ACB469C00BF5772 /* LoginView.swift in Sources */,
				159144CC2ACADE2000CD7800 /* MainView.swift in Sources */,
				15C105752ACB4A5700BF5772 /* ToDoListItemViewViewModel.swift in Sources */,
				15C105652ACB49A600BF5772 /* ToDoListItemView.swift in Sources */,
				15C1055B2ACB494700BF5772 /* ToDoListItem.swift in Sources */,
				15C105672ACB49B200BF5772 /* HeaderView.swift in Sources */,
				15C1055D2ACB495C00BF5772 /* ProfileView.swift in Sources */,
				15C1056F2ACB4A2B00BF5772 /* NewItemViewViewModel.swift in Sources */,
				159144CA2ACADE2000CD7800 /* ToDoListAppApp.swift in Sources */,
				15C1055F2ACB497800BF5772 /* ToDoListView.swift in Sources */,
			);
			runOnlyForDeploymentPostprocessing = 0;
		};
/* End PBXSourcesBuildPhase section */

/* Begin XCBuildConfiguration section */
		159144D22ACADE2200CD7800 /* Debug */ = {
			isa = XCBuildConfiguration;
			buildSettings = {
				ALWAYS_SEARCH_USER_PATHS = NO;
				ASSETCATALOG_COMPILER_GENERATE_SWIFT_ASSET_SYMBOL_EXTENSIONS = YES;
				CLANG_ANALYZER_NONNULL = YES;
				CLANG_ANALYZER_NUMBER_OBJECT_CONVERSION = YES_AGGRESSIVE;
				CLANG_CXX_LANGUAGE_STANDARD = "gnu++20";
				CLANG_ENABLE_MODULES = YES;
				CLANG_ENABLE_OBJC_ARC = YES;
				CLANG_ENABLE_OBJC_WEAK = YES;
				CLANG_WARN_BLOCK_CAPTURE_AUTORELEASING = YES;
				CLANG_WARN_BOOL_CONVERSION = YES;
				CLANG_WARN_COMMA = YES;
				CLANG_WARN_CONSTANT_CONVERSION = YES;
				CLANG_WARN_DEPRECATED_OBJC_IMPLEMENTATIONS = YES;
				CLANG_WARN_DIRECT_OBJC_ISA_USAGE = YES_ERROR;
				CLANG_WARN_DOCUMENTATION_COMMENTS = YES;
				CLANG_WARN_EMPTY_BODY = YES;
				CLANG_WARN_ENUM_CONVERSION = YES;
				CLANG_WARN_INFINITE_RECURSION = YES;
				CLANG_WARN_INT_CONVERSION = YES;
				CLANG_WARN_NON_LITERAL_NULL_CONVERSION = YES;
				CLANG_WARN_OBJC_IMPLICIT_RETAIN_SELF = YES;
				CLANG_WARN_OBJC_LITERAL_CONVERSION = YES;
				CLANG_WARN_OBJC_ROOT_CLASS = YES_ERROR;
				CLANG_WARN_QUOTED_INCLUDE_IN_FRAMEWORK_HEADER = YES;
				CLANG_WARN_RANGE_LOOP_ANALYSIS = YES;
				CLANG_WARN_STRICT_PROTOTYPES = YES;
				CLANG_WARN_SUSPICIOUS_MOVE = YES;
				CLANG_WARN_UNGUARDED_AVAILABILITY = YES_AGGRESSIVE;
				CLANG_WARN_UNREACHABLE_CODE = YES;
				CLANG_WARN__DUPLICATE_METHOD_MATCH = YES;
				COPY_PHASE_STRIP = NO;
				DEBUG_INFORMATION_FORMAT = dwarf;
				ENABLE_STRICT_OBJC_MSGSEND = YES;
				ENABLE_TESTABILITY = YES;
				ENABLE_USER_SCRIPT_SANDBOXING = YES;
				GCC_C_LANGUAGE_STANDARD = gnu17;
				GCC_DYNAMIC_NO_PIC = NO;
				GCC_NO_COMMON_BLOCKS = YES;
				GCC_OPTIMIZATION_LEVEL = 0;
				GCC_PREPROCESSOR_DEFINITIONS = (
					"DEBUG=1",
					"$(inherited)",
				);
				GCC_WARN_64_TO_32_BIT_CONVERSION = YES;
				GCC_WARN_ABOUT_RETURN_TYPE = YES_ERROR;
				GCC_WARN_UNDECLARED_SELECTOR = YES;
				GCC_WARN_UNINITIALIZED_AUTOS = YES_AGGRESSIVE;
				GCC_WARN_UNUSED_FUNCTION = YES;
				GCC_WARN_UNUSED_VARIABLE = YES;
				IPHONEOS_DEPLOYMENT_TARGET = 17.0;
				LOCALIZATION_PREFERS_STRING_CATALOGS = YES;
				MTL_ENABLE_DEBUG_INFO = INCLUDE_SOURCE;
				MTL_FAST_MATH = YES;
				ONLY_ACTIVE_ARCH = YES;
				SDKROOT = iphoneos;
				SWIFT_ACTIVE_COMPILATION_CONDITIONS = "DEBUG $(inherited)";
				SWIFT_OPTIMIZATION_LEVEL = "-Onone";
			};
			name = Debug;
		};
		159144D32ACADE2200CD7800 /* Release */ = {
			isa = XCBuildConfiguration;
			buildSettings = {
				ALWAYS_SEARCH_USER_PATHS = NO;
				ASSETCATALOG_COMPILER_GENERATE_SWIFT_ASSET_SYMBOL_EXTENSIONS = YES;
				CLANG_ANALYZER_NONNULL = YES;
				CLANG_ANALYZER_NUMBER_OBJECT_CONVERSION = YES_AGGRESSIVE;
				CLANG_CXX_LANGUAGE_STANDARD = "gnu++20";
				CLANG_ENABLE_MODULES = YES;
				CLANG_ENABLE_OBJC_ARC = YES;
				CLANG_ENABLE_OBJC_WEAK = YES;
				CLANG_WARN_BLOCK_CAPTURE_AUTORELEASING = YES;
				CLANG_WARN_BOOL_CONVERSION = YES;
				CLANG_WARN_COMMA = YES;
				CLANG_WARN_CONSTANT_CONVERSION = YES;
				CLANG_WARN_DEPRECATED_OBJC_IMPLEMENTATIONS = YES;
				CLANG_WARN_DIRECT_OBJC_ISA_USAGE = YES_ERROR;
				CLANG_WARN_DOCUMENTATION_COMMENTS = YES;
				CLANG_WARN_EMPTY_BODY = YES;
				CLANG_WARN_ENUM_CONVERSION = YES;
				CLANG_WARN_INFINITE_RECURSION = YES;
				CLANG_WARN_INT_CONVERSION = YES;
				CLANG_WARN_NON_LITERAL_NULL_CONVERSION = YES;
				CLANG_WARN_OBJC_IMPLICIT_RETAIN_SELF = YES;
				CLANG_WARN_OBJC_LITERAL_CONVERSION = YES;
				CLANG_WARN_OBJC_ROOT_CLASS = YES_ERROR;
				CLANG_WARN_QUOTED_INCLUDE_IN_FRAMEWORK_HEADER = YES;
				CLANG_WARN_RANGE_LOOP_ANALYSIS = YES;
				CLANG_WARN_STRICT_PROTOTYPES = YES;
				CLANG_WARN_SUSPICIOUS_MOVE = YES;
				CLANG_WARN_UNGUARDED_AVAILABILITY = YES_AGGRESSIVE;
				CLANG_WARN_UNREACHABLE_CODE = YES;
				CLANG_WARN__DUPLICATE_METHOD_MATCH = YES;
				COPY_PHASE_STRIP = NO;
				DEBUG_INFORMATION_FORMAT = "dwarf-with-dsym";
				ENABLE_NS_ASSERTIONS = NO;
				ENABLE_STRICT_OBJC_MSGSEND = YES;
				ENABLE_USER_SCRIPT_SANDBOXING = YES;
				GCC_C_LANGUAGE_STANDARD = gnu17;
				GCC_NO_COMMON_BLOCKS = YES;
				GCC_WARN_64_TO_32_BIT_CONVERSION = YES;
				GCC_WARN_ABOUT_RETURN_TYPE = YES_ERROR;
				GCC_WARN_UNDECLARED_SELECTOR = YES;
				GCC_WARN_UNINITIALIZED_AUTOS = YES_AGGRESSIVE;
				GCC_WARN_UNUSED_FUNCTION = YES;
				GCC_WARN_UNUSED_VARIABLE = YES;
				IPHONEOS_DEPLOYMENT_TARGET = 17.0;
				LOCALIZATION_PREFERS_STRING_CATALOGS = YES;
				MTL_ENABLE_DEBUG_INFO = NO;
				MTL_FAST_MATH = YES;
				SDKROOT = iphoneos;
				SWIFT_COMPILATION_MODE = wholemodule;
				VALIDATE_PRODUCT = YES;
			};
			name = Release;
		};
		159144D52ACADE2200CD7800 /* Debug */ = {
			isa = XCBuildConfiguration;
			buildSettings = {
				ASSETCATALOG_COMPILER_APPICON_NAME = AppIcon;
				ASSETCATALOG_COMPILER_GLOBAL_ACCENT_COLOR_NAME = AccentColor;
				CODE_SIGN_STYLE = Automatic;
				CURRENT_PROJECT_VERSION = 1;
				DEVELOPMENT_ASSET_PATHS = "\"ToDoListApp/Preview Content\"";
				DEVELOPMENT_TEAM = 7JSY9C6T6V;
				ENABLE_PREVIEWS = YES;
				GENERATE_INFOPLIST_FILE = YES;
				INFOPLIST_KEY_UIApplicationSceneManifest_Generation = YES;
				INFOPLIST_KEY_UIApplicationSupportsIndirectInputEvents = YES;
				INFOPLIST_KEY_UILaunchScreen_Generation = YES;
				INFOPLIST_KEY_UISupportedInterfaceOrientations_iPad = "UIInterfaceOrientationPortrait UIInterfaceOrientationPortraitUpsideDown UIInterfaceOrientationLandscapeLeft UIInterfaceOrientationLandscapeRight";
				INFOPLIST_KEY_UISupportedInterfaceOrientations_iPhone = "UIInterfaceOrientationPortrait UIInterfaceOrientationLandscapeLeft UIInterfaceOrientationLandscapeRight";
				LD_RUNPATH_SEARCH_PATHS = (
					"$(inherited)",
					"@executable_path/Frameworks",
				);
				MARKETING_VERSION = 1.0;
				PRODUCT_BUNDLE_IDENTIFIER = br.com.brunodeev.ToDoListApp;
				PRODUCT_NAME = "$(TARGET_NAME)";
				SWIFT_EMIT_LOC_STRINGS = YES;
				SWIFT_VERSION = 5.0;
				TARGETED_DEVICE_FAMILY = "1,2";
			};
			name = Debug;
		};
		159144D62ACADE2200CD7800 /* Release */ = {
			isa = XCBuildConfiguration;
			buildSettings = {
				ASSETCATALOG_COMPILER_APPICON_NAME = AppIcon;
				ASSETCATALOG_COMPILER_GLOBAL_ACCENT_COLOR_NAME = AccentColor;
				CODE_SIGN_STYLE = Automatic;
				CURRENT_PROJECT_VERSION = 1;
				DEVELOPMENT_ASSET_PATHS = "\"ToDoListApp/Preview Content\"";
				DEVELOPMENT_TEAM = 7JSY9C6T6V;
				ENABLE_PREVIEWS = YES;
				GENERATE_INFOPLIST_FILE = YES;
				INFOPLIST_KEY_UIApplicationSceneManifest_Generation = YES;
				INFOPLIST_KEY_UIApplicationSupportsIndirectInputEvents = YES;
				INFOPLIST_KEY_UILaunchScreen_Generation = YES;
				INFOPLIST_KEY_UISupportedInterfaceOrientations_iPad = "UIInterfaceOrientationPortrait UIInterfaceOrientationPortraitUpsideDown UIInterfaceOrientationLandscapeLeft UIInterfaceOrientationLandscapeRight";
				INFOPLIST_KEY_UISupportedInterfaceOrientations_iPhone = "UIInterfaceOrientationPortrait UIInterfaceOrientationLandscapeLeft UIInterfaceOrientationLandscapeRight";
				LD_RUNPATH_SEARCH_PATHS = (
					"$(inherited)",
					"@executable_path/Frameworks",
				);
				MARKETING_VERSION = 1.0;
				PRODUCT_BUNDLE_IDENTIFIER = br.com.brunodeev.ToDoListApp;
				PRODUCT_NAME = "$(TARGET_NAME)";
				SWIFT_EMIT_LOC_STRINGS = YES;
				SWIFT_VERSION = 5.0;
				TARGETED_DEVICE_FAMILY = "1,2";
			};
			name = Release;
		};
/* End XCBuildConfiguration section */

/* Begin XCConfigurationList section */
		159144C12ACADE2000CD7800 /* Build configuration list for PBXProject "ToDoListApp" */ = {
			isa = XCConfigurationList;
			buildConfigurations = (
				159144D22ACADE2200CD7800 /* Debug */,
				159144D32ACADE2200CD7800 /* Release */,
			);
			defaultConfigurationIsVisible = 0;
			defaultConfigurationName = Release;
		};
		159144D42ACADE2200CD7800 /* Build configuration list for PBXNativeTarget "ToDoListApp" */ = {
			isa = XCConfigurationList;
			buildConfigurations = (
				159144D52ACADE2200CD7800 /* Debug */,
				159144D62ACADE2200CD7800 /* Release */,
			);
			defaultConfigurationIsVisible = 0;
			defaultConfigurationName = Release;
		};
/* End XCConfigurationList section */
	};
	rootObject = 159144BE2ACADE2000CD7800 /* Project object */;
}
